
Microsoft Visual Studio Solution File, Format Version 12.00
# Visual Studio 15
VisualStudioVersion = 15.0.27428.2015
MinimumVisualStudioVersion = 10.0.40219.1
Project("{9A19103F-16F7-4668-BE54-9A1E7A4F7556}") = "WebApplication1", "WebApplication1.csproj", "{D6683578-357E-49DD-B18C-4538ECECF11C}"
EndProject
Project("{E53339B2-1760-4266-BCC7-CA923CBCF16C}") = "docker-compose", "docker-compose.dcproj", "{AAEF29DF-0F39-4AD8-BCE4-C205944A2E79}"
EndProject
Global
	GlobalSection(SolutionConfigurationPlatforms) = preSolution
		Debug|Any CPU = Debug|Any CPU
		Release|Any CPU = Release|Any CPU
	EndGlobalSection
	GlobalSection(ProjectConfigurationPlatforms) = postSolution
		{D6683578-357E-49DD-B18C-4538ECECF11C}.Debug|Any CPU.ActiveCfg = Debug|Any CPU
		{D6683578-357E-49DD-B18C-4538ECECF11C}.Debug|Any CPU.Build.0 = Debug|Any CPU
		{D6683578-357E-49DD-B18C-4538ECECF11C}.Release|Any CPU.ActiveCfg = Release|Any CPU
		{D6683578-357E-49DD-B18C-4538ECECF11C}.Release|Any CPU.Build.0 = Release|Any CPU
		{AAEF29DF-0F39-4AD8-BCE4-C205944A2E79}.Debug|Any CPU.ActiveCfg = Debug|Any CPU
		{AAEF29DF-0F39-4AD8-BCE4-C205944A2E79}.Debug|Any CPU.Build.0 = Debug|Any CPU
		{AAEF29DF-0F39-4AD8-BCE4-C205944A2E79}.Release|Any CPU.ActiveCfg = Release|Any CPU
		{AAEF29DF-0F39-4AD8-BCE4-C205944A2E79}.Release|Any CPU.Build.0 = Release|Any CPU
	EndGlobalSection
	GlobalSection(SolutionProperties) = preSolution
		HideSolutionNode = FALSE
	EndGlobalSection
	GlobalSection(ExtensibilityGlobals) = postSolution
		SolutionGuid = {C26CA45D-78D3-4039-B8E1-4867716A7BC7}
	EndGlobalSection
EndGlobal
